// !$*UTF8*$!
{
	archiveVersion = 1;
	classes = {
	};
	objectVersion = 56;
	objects = {

/* Begin PBXBuildFile section */
		6E0BCF102BB2D83200A6EA96 /* MyNewTagView.swift in Sources */ = {isa = PBXBuildFile; fileRef = 6E0BCF0F2BB2D83200A6EA96 /* MyNewTagView.swift */; };
		6E0BCF122BB2E13800A6EA96 /* ContentLengthPreference.swift in Sources */ = {isa = PBXBuildFile; fileRef = 6E0BCF112BB2E13800A6EA96 /* ContentLengthPreference.swift */; };
		6E14B6AD2BB2EFAE0035EAD5 /* TagWrapView.swift in Sources */ = {isa = PBXBuildFile; fileRef = 6E14B6AC2BB2EFAE0035EAD5 /* TagWrapView.swift */; };
		6E8EC5562BB199E000E6E6E5 /* MyNewInfoView.swift in Sources */ = {isa = PBXBuildFile; fileRef = 6E8EC5552BB199E000E6E6E5 /* MyNewInfoView.swift */; };
		6EB0FB852BAF138000073D5C /* FriendTripListView.swift in Sources */ = {isa = PBXBuildFile; fileRef = 6EB0FB842BAF138000073D5C /* FriendTripListView.swift */; };
		6EB0FB872BAF140300073D5C /* FriendTripListRow.swift in Sources */ = {isa = PBXBuildFile; fileRef = 6EB0FB862BAF140300073D5C /* FriendTripListRow.swift */; };
		6ED60C952BB03CF300FC06F9 /* MyNewTripView.swift in Sources */ = {isa = PBXBuildFile; fileRef = 6ED60C942BB03CF300FC06F9 /* MyNewTripView.swift */; };
		6ED60C972BB0420F00FC06F9 /* ImagePicker.swift in Sources */ = {isa = PBXBuildFile; fileRef = 6ED60C962BB0420F00FC06F9 /* ImagePicker.swift */; };
		6EF3A0DD2BB3B4300097C191 /* CameraPicker.swift in Sources */ = {isa = PBXBuildFile; fileRef = 6EF3A0DC2BB3B4300097C191 /* CameraPicker.swift */; };
		6EF3A0DF2BB3B6FF0097C191 /* TripModel.swift in Sources */ = {isa = PBXBuildFile; fileRef = 6EF3A0DE2BB3B6FF0097C191 /* TripModel.swift */; };
		6EF3A0E12BB3D1200097C191 /* NewTripView.swift in Sources */ = {isa = PBXBuildFile; fileRef = 6EF3A0E02BB3D1200097C191 /* NewTripView.swift */; };
		6EFBB30F2BAD33030033FBB3 /* MC1_TravelaryApp.swift in Sources */ = {isa = PBXBuildFile; fileRef = 6EFBB30E2BAD33030033FBB3 /* MC1_TravelaryApp.swift */; };
		6EFBB3112BAD33030033FBB3 /* ContentView.swift in Sources */ = {isa = PBXBuildFile; fileRef = 6EFBB3102BAD33030033FBB3 /* ContentView.swift */; };
		6EFBB3132BAD33030033FBB3 /* Assets.xcassets in Resources */ = {isa = PBXBuildFile; fileRef = 6EFBB3122BAD33030033FBB3 /* Assets.xcassets */; };
		6EFBB3162BAD33030033FBB3 /* Preview Assets.xcassets in Resources */ = {isa = PBXBuildFile; fileRef = 6EFBB3152BAD33030033FBB3 /* Preview Assets.xcassets */; };
		6EFBB31D2BAD332C0033FBB3 /* TripView.swift in Sources */ = {isa = PBXBuildFile; fileRef = 6EFBB31C2BAD332C0033FBB3 /* TripView.swift */; };
		6EFBB31F2BAD33380033FBB3 /* FriendView.swift in Sources */ = {isa = PBXBuildFile; fileRef = 6EFBB31E2BAD33380033FBB3 /* FriendView.swift */; };
		6EFBB3212BAD33450033FBB3 /* SettingView.swift in Sources */ = {isa = PBXBuildFile; fileRef = 6EFBB3202BAD33450033FBB3 /* SettingView.swift */; };
		6EFBB3232BAD5E6D0033FBB3 /* MyTripListView.swift in Sources */ = {isa = PBXBuildFile; fileRef = 6EFBB3222BAD5E6D0033FBB3 /* MyTripListView.swift */; };
		6EFBB3252BAD66910033FBB3 /* MyTripListRow.swift in Sources */ = {isa = PBXBuildFile; fileRef = 6EFBB3242BAD66910033FBB3 /* MyTripListRow.swift */; };
/* End PBXBuildFile section */

/* Begin PBXFileReference section */
		6E0BCF0F2BB2D83200A6EA96 /* MyNewTagView.swift */ = {isa = PBXFileReference; lastKnownFileType = sourcecode.swift; path = MyNewTagView.swift; sourceTree = "<group>"; };
		6E0BCF112BB2E13800A6EA96 /* ContentLengthPreference.swift */ = {isa = PBXFileReference; lastKnownFileType = sourcecode.swift; path = ContentLengthPreference.swift; sourceTree = "<group>"; };
		6E14B6AC2BB2EFAE0035EAD5 /* TagWrapView.swift */ = {isa = PBXFileReference; lastKnownFileType = sourcecode.swift; path = TagWrapView.swift; sourceTree = "<group>"; };
		6E8EC5552BB199E000E6E6E5 /* MyNewInfoView.swift */ = {isa = PBXFileReference; lastKnownFileType = sourcecode.swift; path = MyNewInfoView.swift; sourceTree = "<group>"; };
		6EB0FB842BAF138000073D5C /* FriendTripListView.swift */ = {isa = PBXFileReference; lastKnownFileType = sourcecode.swift; path = FriendTripListView.swift; sourceTree = "<group>"; };
		6EB0FB862BAF140300073D5C /* FriendTripListRow.swift */ = {isa = PBXFileReference; lastKnownFileType = sourcecode.swift; path = FriendTripListRow.swift; sourceTree = "<group>"; };
		6ED60C942BB03CF300FC06F9 /* MyNewTripView.swift */ = {isa = PBXFileReference; lastKnownFileType = sourcecode.swift; path = MyNewTripView.swift; sourceTree = "<group>"; };
		6ED60C962BB0420F00FC06F9 /* ImagePicker.swift */ = {isa = PBXFileReference; lastKnownFileType = sourcecode.swift; path = ImagePicker.swift; sourceTree = "<group>"; };
		6EF3A0DB2BB3B3C70097C191 /* MC1-Travelary-Info.plist */ = {isa = PBXFileReference; lastKnownFileType = text.plist; path = "MC1-Travelary-Info.plist"; sourceTree = SOURCE_ROOT; };
		6EF3A0DC2BB3B4300097C191 /* CameraPicker.swift */ = {isa = PBXFileReference; lastKnownFileType = sourcecode.swift; path = CameraPicker.swift; sourceTree = "<group>"; };
		6EF3A0DE2BB3B6FF0097C191 /* TripModel.swift */ = {isa = PBXFileReference; lastKnownFileType = sourcecode.swift; path = TripModel.swift; sourceTree = "<group>"; };
		6EF3A0E02BB3D1200097C191 /* NewTripView.swift */ = {isa = PBXFileReference; lastKnownFileType = sourcecode.swift; path = NewTripView.swift; sourceTree = "<group>"; };
		6EFBB30B2BAD33030033FBB3 /* MC1_Travelary.app */ = {isa = PBXFileReference; explicitFileType = wrapper.application; includeInIndex = 0; path = MC1_Travelary.app; sourceTree = BUILT_PRODUCTS_DIR; };
		6EFBB30E2BAD33030033FBB3 /* MC1_TravelaryApp.swift */ = {isa = PBXFileReference; lastKnownFileType = sourcecode.swift; path = MC1_TravelaryApp.swift; sourceTree = "<group>"; };
		6EFBB3102BAD33030033FBB3 /* ContentView.swift */ = {isa = PBXFileReference; lastKnownFileType = sourcecode.swift; path = ContentView.swift; sourceTree = "<group>"; };
		6EFBB3122BAD33030033FBB3 /* Assets.xcassets */ = {isa = PBXFileReference; lastKnownFileType = folder.assetcatalog; path = Assets.xcassets; sourceTree = "<group>"; };
		6EFBB3152BAD33030033FBB3 /* Preview Assets.xcassets */ = {isa = PBXFileReference; lastKnownFileType = folder.assetcatalog; path = "Preview Assets.xcassets"; sourceTree = "<group>"; };
		6EFBB31C2BAD332C0033FBB3 /* TripView.swift */ = {isa = PBXFileReference; lastKnownFileType = sourcecode.swift; path = TripView.swift; sourceTree = "<group>"; };
		6EFBB31E2BAD33380033FBB3 /* FriendView.swift */ = {isa = PBXFileReference; lastKnownFileType = sourcecode.swift; path = FriendView.swift; sourceTree = "<group>"; };
		6EFBB3202BAD33450033FBB3 /* SettingView.swift */ = {isa = PBXFileReference; lastKnownFileType = sourcecode.swift; path = SettingView.swift; sourceTree = "<group>"; };
		6EFBB3222BAD5E6D0033FBB3 /* MyTripListView.swift */ = {isa = PBXFileReference; lastKnownFileType = sourcecode.swift; path = MyTripListView.swift; sourceTree = "<group>"; };
		6EFBB3242BAD66910033FBB3 /* MyTripListRow.swift */ = {isa = PBXFileReference; lastKnownFileType = sourcecode.swift; path = MyTripListRow.swift; sourceTree = "<group>"; };
/* End PBXFileReference section */

/* Begin PBXFrameworksBuildPhase section */
		6EFBB3082BAD33030033FBB3 /* Frameworks */ = {
			isa = PBXFrameworksBuildPhase;
			buildActionMask = 2147483647;
			files = (
			);
			runOnlyForDeploymentPostprocessing = 0;
		};
/* End PBXFrameworksBuildPhase section */

/* Begin PBXGroup section */
		6EFBB3022BAD33030033FBB3 = {
			isa = PBXGroup;
			children = (
				6EFBB30D2BAD33030033FBB3 /* MC1_Travelary */,
				6EFBB30C2BAD33030033FBB3 /* Products */,
			);
			sourceTree = "<group>";
		};
		6EFBB30C2BAD33030033FBB3 /* Products */ = {
			isa = PBXGroup;
			children = (
				6EFBB30B2BAD33030033FBB3 /* MC1_Travelary.app */,
			);
			name = Products;
			sourceTree = "<group>";
		};
		6EFBB30D2BAD33030033FBB3 /* MC1_Travelary */ = {
			isa = PBXGroup;
			children = (
				6EF3A0DB2BB3B3C70097C191 /* MC1-Travelary-Info.plist */,
				6EFBB3242BAD66910033FBB3 /* MyTripListRow.swift */,
				6EFBB30E2BAD33030033FBB3 /* MC1_TravelaryApp.swift */,
				6EFBB3102BAD33030033FBB3 /* ContentView.swift */,
				6EFBB31C2BAD332C0033FBB3 /* TripView.swift */,
				6EFBB31E2BAD33380033FBB3 /* FriendView.swift */,
				6EFBB3202BAD33450033FBB3 /* SettingView.swift */,
				6EFBB3222BAD5E6D0033FBB3 /* MyTripListView.swift */,
				6EB0FB842BAF138000073D5C /* FriendTripListView.swift */,
				6EB0FB862BAF140300073D5C /* FriendTripListRow.swift */,
				6ED60C942BB03CF300FC06F9 /* MyNewTripView.swift */,
				6ED60C962BB0420F00FC06F9 /* ImagePicker.swift */,
				6E8EC5552BB199E000E6E6E5 /* MyNewInfoView.swift */,
				6EF3A0DC2BB3B4300097C191 /* CameraPicker.swift */,
				6EFBB3122BAD33030033FBB3 /* Assets.xcassets */,
				6EFBB3142BAD33030033FBB3 /* Preview Content */,
				6E0BCF0F2BB2D83200A6EA96 /* MyNewTagView.swift */,
				6E0BCF112BB2E13800A6EA96 /* ContentLengthPreference.swift */,
				6E14B6AC2BB2EFAE0035EAD5 /* TagWrapView.swift */,
				6EF3A0DE2BB3B6FF0097C191 /* TripModel.swift */,
				6EF3A0E02BB3D1200097C191 /* NewTripView.swift */,
			);
			path = MC1_Travelary;
			sourceTree = "<group>";
		};
		6EFBB3142BAD33030033FBB3 /* Preview Content */ = {
			isa = PBXGroup;
			children = (
				6EFBB3152BAD33030033FBB3 /* Preview Assets.xcassets */,
			);
			path = "Preview Content";
			sourceTree = "<group>";
		};
/* End PBXGroup section */

/* Begin PBXNativeTarget section */
		6EFBB30A2BAD33030033FBB3 /* MC1_Travelary */ = {
			isa = PBXNativeTarget;
			buildConfigurationList = 6EFBB3192BAD33030033FBB3 /* Build configuration list for PBXNativeTarget "MC1_Travelary" */;
			buildPhases = (
				6EFBB3072BAD33030033FBB3 /* Sources */,
				6EFBB3082BAD33030033FBB3 /* Frameworks */,
				6EFBB3092BAD33030033FBB3 /* Resources */,
			);
			buildRules = (
			);
			dependencies = (
			);
			name = MC1_Travelary;
			productName = MC1_Travelary;
			productReference = 6EFBB30B2BAD33030033FBB3 /* MC1_Travelary.app */;
			productType = "com.apple.product-type.application";
		};
/* End PBXNativeTarget section */

/* Begin PBXProject section */
		6EFBB3032BAD33030033FBB3 /* Project object */ = {
			isa = PBXProject;
			attributes = {
				BuildIndependentTargetsInParallel = 1;
				LastSwiftUpdateCheck = 1530;
				LastUpgradeCheck = 1530;
				TargetAttributes = {
					6EFBB30A2BAD33030033FBB3 = {
						CreatedOnToolsVersion = 15.3;
					};
				};
			};
			buildConfigurationList = 6EFBB3062BAD33030033FBB3 /* Build configuration list for PBXProject "MC1_Travelary" */;
			compatibilityVersion = "Xcode 14.0";
			developmentRegion = en;
			hasScannedForEncodings = 0;
			knownRegions = (
				en,
				Base,
			);
			mainGroup = 6EFBB3022BAD33030033FBB3;
			productRefGroup = 6EFBB30C2BAD33030033FBB3 /* Products */;
			projectDirPath = "";
			projectRoot = "";
			targets = (
				6EFBB30A2BAD33030033FBB3 /* MC1_Travelary */,
			);
		};
/* End PBXProject section */

/* Begin PBXResourcesBuildPhase section */
		6EFBB3092BAD33030033FBB3 /* Resources */ = {
			isa = PBXResourcesBuildPhase;
			buildActionMask = 2147483647;
			files = (
				6EFBB3162BAD33030033FBB3 /* Preview Assets.xcassets in Resources */,
				6EFBB3132BAD33030033FBB3 /* Assets.xcassets in Resources */,
			);
			runOnlyForDeploymentPostprocessing = 0;
		};
/* End PBXResourcesBuildPhase section */

/* Begin PBXSourcesBuildPhase section */
		6EFBB3072BAD33030033FBB3 /* Sources */ = {
			isa = PBXSourcesBuildPhase;
			buildActionMask = 2147483647;
			files = (
				6EFBB31D2BAD332C0033FBB3 /* TripView.swift in Sources */,
				6E8EC5562BB199E000E6E6E5 /* MyNewInfoView.swift in Sources */,
				6EB0FB852BAF138000073D5C /* FriendTripListView.swift in Sources */,
				6EFBB3232BAD5E6D0033FBB3 /* MyTripListView.swift in Sources */,
				6EF3A0DD2BB3B4300097C191 /* CameraPicker.swift in Sources */,
				6EFBB3252BAD66910033FBB3 /* MyTripListRow.swift in Sources */,
				6EF3A0DF2BB3B6FF0097C191 /* TripModel.swift in Sources */,
				6E0BCF102BB2D83200A6EA96 /* MyNewTagView.swift in Sources */,
				6EFBB3112BAD33030033FBB3 /* ContentView.swift in Sources */,
				6E14B6AD2BB2EFAE0035EAD5 /* TagWrapView.swift in Sources */,
				6EFBB31F2BAD33380033FBB3 /* FriendView.swift in Sources */,
				6EFBB3212BAD33450033FBB3 /* SettingView.swift in Sources */,
				6EF3A0E12BB3D1200097C191 /* NewTripView.swift in Sources */,
				6ED60C972BB0420F00FC06F9 /* ImagePicker.swift in Sources */,
				6E0BCF122BB2E13800A6EA96 /* ContentLengthPreference.swift in Sources */,
				6EB0FB872BAF140300073D5C /* FriendTripListRow.swift in Sources */,
				6ED60C952BB03CF300FC06F9 /* MyNewTripView.swift in Sources */,
				6EFBB30F2BAD33030033FBB3 /* MC1_TravelaryApp.swift in Sources */,
			);
			runOnlyForDeploymentPostprocessing = 0;
		};
/* End PBXSourcesBuildPhase section */

/* Begin XCBuildConfiguration section */
		6EFBB3172BAD33030033FBB3 /* Debug */ = {
			isa = XCBuildConfiguration;
			buildSettings = {
				ALWAYS_SEARCH_USER_PATHS = NO;
				ASSETCATALOG_COMPILER_GENERATE_SWIFT_ASSET_SYMBOL_EXTENSIONS = YES;
				CLANG_ANALYZER_NONNULL = YES;
				CLANG_ANALYZER_NUMBER_OBJECT_CONVERSION = YES_AGGRESSIVE;
				CLANG_CXX_LANGUAGE_STANDARD = "gnu++20";
				CLANG_ENABLE_MODULES = YES;
				CLANG_ENABLE_OBJC_ARC = YES;
				CLANG_ENABLE_OBJC_WEAK = YES;
				CLANG_WARN_BLOCK_CAPTURE_AUTORELEASING = YES;
				CLANG_WARN_BOOL_CONVERSION = YES;
				CLANG_WARN_COMMA = YES;
				CLANG_WARN_CONSTANT_CONVERSION = YES;
				CLANG_WARN_DEPRECATED_OBJC_IMPLEMENTATIONS = YES;
				CLANG_WARN_DIRECT_OBJC_ISA_USAGE = YES_ERROR;
				CLANG_WARN_DOCUMENTATION_COMMENTS = YES;
				CLANG_WARN_EMPTY_BODY = YES;
				CLANG_WARN_ENUM_CONVERSION = YES;
				CLANG_WARN_INFINITE_RECURSION = YES;
				CLANG_WARN_INT_CONVERSION = YES;
				CLANG_WARN_NON_LITERAL_NULL_CONVERSION = YES;
				CLANG_WARN_OBJC_IMPLICIT_RETAIN_SELF = YES;
				CLANG_WARN_OBJC_LITERAL_CONVERSION = YES;
				CLANG_WARN_OBJC_ROOT_CLASS = YES_ERROR;
				CLANG_WARN_QUOTED_INCLUDE_IN_FRAMEWORK_HEADER = YES;
				CLANG_WARN_RANGE_LOOP_ANALYSIS = YES;
				CLANG_WARN_STRICT_PROTOTYPES = YES;
				CLANG_WARN_SUSPICIOUS_MOVE = YES;
				CLANG_WARN_UNGUARDED_AVAILABILITY = YES_AGGRESSIVE;
				CLANG_WARN_UNREACHABLE_CODE = YES;
				CLANG_WARN__DUPLICATE_METHOD_MATCH = YES;
				COPY_PHASE_STRIP = NO;
				DEBUG_INFORMATION_FORMAT = dwarf;
				ENABLE_STRICT_OBJC_MSGSEND = YES;
				ENABLE_TESTABILITY = YES;
				ENABLE_USER_SCRIPT_SANDBOXING = YES;
				GCC_C_LANGUAGE_STANDARD = gnu17;
				GCC_DYNAMIC_NO_PIC = NO;
				GCC_NO_COMMON_BLOCKS = YES;
				GCC_OPTIMIZATION_LEVEL = 0;
				GCC_PREPROCESSOR_DEFINITIONS = (
					"DEBUG=1",
					"$(inherited)",
				);
				GCC_WARN_64_TO_32_BIT_CONVERSION = YES;
				GCC_WARN_ABOUT_RETURN_TYPE = YES_ERROR;
				GCC_WARN_UNDECLARED_SELECTOR = YES;
				GCC_WARN_UNINITIALIZED_AUTOS = YES_AGGRESSIVE;
				GCC_WARN_UNUSED_FUNCTION = YES;
				GCC_WARN_UNUSED_VARIABLE = YES;
				IPHONEOS_DEPLOYMENT_TARGET = 17.4;
				LOCALIZATION_PREFERS_STRING_CATALOGS = YES;
				MTL_ENABLE_DEBUG_INFO = INCLUDE_SOURCE;
				MTL_FAST_MATH = YES;
				ONLY_ACTIVE_ARCH = YES;
				SDKROOT = iphoneos;
				SWIFT_ACTIVE_COMPILATION_CONDITIONS = "DEBUG $(inherited)";
				SWIFT_OPTIMIZATION_LEVEL = "-Onone";
			};
			name = Debug;
		};
		6EFBB3182BAD33030033FBB3 /* Release */ = {
			isa = XCBuildConfiguration;
			buildSettings = {
				ALWAYS_SEARCH_USER_PATHS = NO;
				ASSETCATALOG_COMPILER_GENERATE_SWIFT_ASSET_SYMBOL_EXTENSIONS = YES;
				CLANG_ANALYZER_NONNULL = YES;
				CLANG_ANALYZER_NUMBER_OBJECT_CONVERSION = YES_AGGRESSIVE;
				CLANG_CXX_LANGUAGE_STANDARD = "gnu++20";
				CLANG_ENABLE_MODULES = YES;
				CLANG_ENABLE_OBJC_ARC = YES;
				CLANG_ENABLE_OBJC_WEAK = YES;
				CLANG_WARN_BLOCK_CAPTURE_AUTORELEASING = YES;
				CLANG_WARN_BOOL_CONVERSION = YES;
				CLANG_WARN_COMMA = YES;
				CLANG_WARN_CONSTANT_CONVERSION = YES;
				CLANG_WARN_DEPRECATED_OBJC_IMPLEMENTATIONS = YES;
				CLANG_WARN_DIRECT_OBJC_ISA_USAGE = YES_ERROR;
				CLANG_WARN_DOCUMENTATION_COMMENTS = YES;
				CLANG_WARN_EMPTY_BODY = YES;
				CLANG_WARN_ENUM_CONVERSION = YES;
				CLANG_WARN_INFINITE_RECURSION = YES;
				CLANG_WARN_INT_CONVERSION = YES;
				CLANG_WARN_NON_LITERAL_NULL_CONVERSION = YES;
				CLANG_WARN_OBJC_IMPLICIT_RETAIN_SELF = YES;
				CLANG_WARN_OBJC_LITERAL_CONVERSION = YES;
				CLANG_WARN_OBJC_ROOT_CLASS = YES_ERROR;
				CLANG_WARN_QUOTED_INCLUDE_IN_FRAMEWORK_HEADER = YES;
				CLANG_WARN_RANGE_LOOP_ANALYSIS = YES;
				CLANG_WARN_STRICT_PROTOTYPES = YES;
				CLANG_WARN_SUSPICIOUS_MOVE = YES;
				CLANG_WARN_UNGUARDED_AVAILABILITY = YES_AGGRESSIVE;
				CLANG_WARN_UNREACHABLE_CODE = YES;
				CLANG_WARN__DUPLICATE_METHOD_MATCH = YES;
				COPY_PHASE_STRIP = NO;
				DEBUG_INFORMATION_FORMAT = "dwarf-with-dsym";
				ENABLE_NS_ASSERTIONS = NO;
				ENABLE_STRICT_OBJC_MSGSEND = YES;
				ENABLE_USER_SCRIPT_SANDBOXING = YES;
				GCC_C_LANGUAGE_STANDARD = gnu17;
				GCC_NO_COMMON_BLOCKS = YES;
				GCC_WARN_64_TO_32_BIT_CONVERSION = YES;
				GCC_WARN_ABOUT_RETURN_TYPE = YES_ERROR;
				GCC_WARN_UNDECLARED_SELECTOR = YES;
				GCC_WARN_UNINITIALIZED_AUTOS = YES_AGGRESSIVE;
				GCC_WARN_UNUSED_FUNCTION = YES;
				GCC_WARN_UNUSED_VARIABLE = YES;
				IPHONEOS_DEPLOYMENT_TARGET = 17.4;
				LOCALIZATION_PREFERS_STRING_CATALOGS = YES;
				MTL_ENABLE_DEBUG_INFO = NO;
				MTL_FAST_MATH = YES;
				SDKROOT = iphoneos;
				SWIFT_COMPILATION_MODE = wholemodule;
				VALIDATE_PRODUCT = YES;
			};
			name = Release;
		};
		6EFBB31A2BAD33030033FBB3 /* Debug */ = {
			isa = XCBuildConfiguration;
			buildSettings = {
				ASSETCATALOG_COMPILER_APPICON_NAME = AppIcon;
				ASSETCATALOG_COMPILER_GLOBAL_ACCENT_COLOR_NAME = AccentColor;
				CODE_SIGN_STYLE = Automatic;
				CURRENT_PROJECT_VERSION = 1;
				DEVELOPMENT_ASSET_PATHS = "\"MC1_Travelary/Preview Content\"";
				ENABLE_PREVIEWS = YES;
				GENERATE_INFOPLIST_FILE = YES;
				INFOPLIST_FILE = "MC1-Travelary-Info.plist";
				INFOPLIST_KEY_NSCameraUsageDescription = "앱 내에서 사진을 찍기 위해 카메라 접근이 필요합니다.";
				INFOPLIST_KEY_NSLocationUsageDescription = "앱에서는 사진의 위치 정보를 가져오기 위해 위치 서비스에 접근이 필요합니다.";
				INFOPLIST_KEY_NSPhotoLibraryUsageDescription = "앱에서는 사진을 선택하기 위해 사진 라이브러리에 접근이 필요합니다.";
				INFOPLIST_KEY_UIApplicationSceneManifest_Generation = YES;
				INFOPLIST_KEY_UIApplicationSupportsIndirectInputEvents = YES;
				INFOPLIST_KEY_UILaunchScreen_Generation = YES;
				INFOPLIST_KEY_UISupportedInterfaceOrientations_iPad = "UIInterfaceOrientationPortrait UIInterfaceOrientationPortraitUpsideDown UIInterfaceOrientationLandscapeLeft UIInterfaceOrientationLandscapeRight";
				INFOPLIST_KEY_UISupportedInterfaceOrientations_iPhone = "UIInterfaceOrientationPortrait UIInterfaceOrientationLandscapeLeft UIInterfaceOrientationLandscapeRight";
				LD_RUNPATH_SEARCH_PATHS = (
					"$(inherited)",
					"@executable_path/Frameworks",
				);
				MARKETING_VERSION = 1.0;
				PRODUCT_BUNDLE_IDENTIFIER = "com.brea.MC1-Travelary";
				PRODUCT_NAME = "$(TARGET_NAME)";
				SWIFT_EMIT_LOC_STRINGS = YES;
				SWIFT_VERSION = 5.0;
				TARGETED_DEVICE_FAMILY = "1,2";
			};
			name = Debug;
		};
		6EFBB31B2BAD33030033FBB3 /* Release */ = {
			isa = XCBuildConfiguration;
			buildSettings = {
				ASSETCATALOG_COMPILER_APPICON_NAME = AppIcon;
				ASSETCATALOG_COMPILER_GLOBAL_ACCENT_COLOR_NAME = AccentColor;
				CODE_SIGN_STYLE = Automatic;
				CURRENT_PROJECT_VERSION = 1;
				DEVELOPMENT_ASSET_PATHS = "\"MC1_Travelary/Preview Content\"";
				ENABLE_PREVIEWS = YES;
				GENERATE_INFOPLIST_FILE = YES;
				INFOPLIST_FILE = "MC1-Travelary-Info.plist";
				INFOPLIST_KEY_NSCameraUsageDescription = "앱 내에서 사진을 찍기 위해 카메라 접근이 필요합니다.";
				INFOPLIST_KEY_NSLocationUsageDescription = "앱에서는 사진의 위치 정보를 가져오기 위해 위치 서비스에 접근이 필요합니다.";
				INFOPLIST_KEY_NSPhotoLibraryUsageDescription = "앱에서는 사진을 선택하기 위해 사진 라이브러리에 접근이 필요합니다.";
				INFOPLIST_KEY_UIApplicationSceneManifest_Generation = YES;
				INFOPLIST_KEY_UIApplicationSupportsIndirectInputEvents = YES;
				INFOPLIST_KEY_UILaunchScreen_Generation = YES;
				INFOPLIST_KEY_UISupportedInterfaceOrientations_iPad = "UIInterfaceOrientationPortrait UIInterfaceOrientationPortraitUpsideDown UIInterfaceOrientationLandscapeLeft UIInterfaceOrientationLandscapeRight";
				INFOPLIST_KEY_UISupportedInterfaceOrientations_iPhone = "UIInterfaceOrientationPortrait UIInterfaceOrientationLandscapeLeft UIInterfaceOrientationLandscapeRight";
				LD_RUNPATH_SEARCH_PATHS = (
					"$(inherited)",
					"@executable_path/Frameworks",
				);
				MARKETING_VERSION = 1.0;
				PRODUCT_BUNDLE_IDENTIFIER = "com.brea.MC1-Travelary";
				PRODUCT_NAME = "$(TARGET_NAME)";
				SWIFT_EMIT_LOC_STRINGS = YES;
				SWIFT_VERSION = 5.0;
				TARGETED_DEVICE_FAMILY = "1,2";
			};
			name = Release;
		};
/* End XCBuildConfiguration section */

/* Begin XCConfigurationList section */
		6EFBB3062BAD33030033FBB3 /* Build configuration list for PBXProject "MC1_Travelary" */ = {
			isa = XCConfigurationList;
			buildConfigurations = (
				6EFBB3172BAD33030033FBB3 /* Debug */,
				6EFBB3182BAD33030033FBB3 /* Release */,
			);
			defaultConfigurationIsVisible = 0;
			defaultConfigurationName = Release;
		};
		6EFBB3192BAD33030033FBB3 /* Build configuration list for PBXNativeTarget "MC1_Travelary" */ = {
			isa = XCConfigurationList;
			buildConfigurations = (
				6EFBB31A2BAD33030033FBB3 /* Debug */,
				6EFBB31B2BAD33030033FBB3 /* Release */,
			);
			defaultConfigurationIsVisible = 0;
			defaultConfigurationName = Release;
		};
/* End XCConfigurationList section */
	};
	rootObject = 6EFBB3032BAD33030033FBB3 /* Project object */;
}
